
Microsoft Visual Studio Solution File, Format Version 12.00
# Visual Studio Version 17
VisualStudioVersion = 17.1.32407.343
MinimumVisualStudioVersion = 10.0.40219.1
Project("{9A19103F-16F7-4668-BE54-9A1E7A4F7556}") = "Alura Challenge Backend 3", "Alura Challenge Backend 3\Alura Challenge Backend 3.csproj", "{2ACDED8F-8CAE-4B85-BBB2-BF8D72C65FD2}"
EndProject
Project("{FAE04EC0-301F-11D3-BF4B-00C04F79EFBC}") = "Alura Challenge Backend 3 Test", "Alura Challenge Backend 3 Test\Alura Challenge Backend 3 Test.csproj", "{5A7E3CAD-7997-436E-A48B-A792B2F3E439}"
EndProject
Global
	GlobalSection(SolutionConfigurationPlatforms) = preSolution
		Debug|Any CPU = Debug|Any CPU
		Release|Any CPU = Release|Any CPU
	EndGlobalSection
	GlobalSection(ProjectConfigurationPlatforms) = postSolution
		{2ACDED8F-8CAE-4B85-BBB2-BF8D72C65FD2}.Debug|Any CPU.ActiveCfg = Debug|Any CPU
		{2ACDED8F-8CAE-4B85-BBB2-BF8D72C65FD2}.Debug|Any CPU.Build.0 = Debug|Any CPU
		{2ACDED8F-8CAE-4B85-BBB2-BF8D72C65FD2}.Release|Any CPU.ActiveCfg = Release|Any CPU
		{2ACDED8F-8CAE-4B85-BBB2-BF8D72C65FD2}.Release|Any CPU.Build.0 = Release|Any CPU
		{5A7E3CAD-7997-436E-A48B-A792B2F3E439}.Debug|Any CPU.ActiveCfg = Debug|Any CPU
		{5A7E3CAD-7997-436E-A48B-A792B2F3E439}.Debug|Any CPU.Build.0 = Debug|Any CPU
		{5A7E3CAD-7997-436E-A48B-A792B2F3E439}.Release|Any CPU.ActiveCfg = Release|Any CPU
		{5A7E3CAD-7997-436E-A48B-A792B2F3E439}.Release|Any CPU.Build.0 = Release|Any CPU
	EndGlobalSection
	GlobalSection(SolutionProperties) = preSolution
		HideSolutionNode = FALSE
	EndGlobalSection
	GlobalSection(ExtensibilityGlobals) = postSolution
		SolutionGuid = {15AD9725-BB7B-4A87-8AFF-365B50AD9B4A}
	EndGlobalSection
EndGlobal
